{
  "name": "lead-scope-ai",
  "lockfileVersion": 3,
  "requires": true,
  "packages": {
    "": {
      "dependencies": {
        "pydantic": "^0.0.1-security",
        "settings": "^0.1.1"
      }
    },
    "node_modules/pydantic": {
      "version": "0.0.1-security",
      "resolved": "https://registry.npmjs.org/pydantic/-/pydantic-0.0.1-security.tgz",
      "integrity": "sha512-C8zhm/jGh1+r19qiElDmRyFmbGyY6JcFj9bNGoKoUbmAmMXCmN5Hmq3iBw/4MwkFETDkUpPZxGHF1lpFB+izTg=="
    },
    "node_modules/settings": {
      "version": "0.1.1",
      "resolved": "https://registry.npmjs.org/settings/-/settings-0.1.1.tgz",
      "integrity": "sha512-5/RjHd66x8wrVDWfNHX2orFMQ2Aaay/iIXwZix41GRzWwyN9lxKhlGdU3AWCHb3b0m9hBB/RUKpFCV7GlSFCyA=="
    }
  }
}
